// !$*UTF8*$!
{
	archiveVersion = 1;
	classes = {
	};
	objectVersion = 56;
	objects = {

/* Begin PBXBuildFile section */
		72615F092C9AAE2200A2A153 /* CarharttWIPApp.swift in Sources */ = {isa = PBXBuildFile; fileRef = 72615F082C9AAE2200A2A153 /* CarharttWIPApp.swift */; };
		72615F0D2C9AAE2300A2A153 /* Assets.xcassets in Resources */ = {isa = PBXBuildFile; fileRef = 72615F0C2C9AAE2300A2A153 /* Assets.xcassets */; };
		72615F102C9AAE2300A2A153 /* Preview Assets.xcassets in Resources */ = {isa = PBXBuildFile; fileRef = 72615F0F2C9AAE2300A2A153 /* Preview Assets.xcassets */; };
		72615F1A2C9AAE2400A2A153 /* CarharttWIPTests.swift in Sources */ = {isa = PBXBuildFile; fileRef = 72615F192C9AAE2400A2A153 /* CarharttWIPTests.swift */; };
		72615F242C9AAE2400A2A153 /* CarharttWIPUITests.swift in Sources */ = {isa = PBXBuildFile; fileRef = 72615F232C9AAE2400A2A153 /* CarharttWIPUITests.swift */; };
		72615F262C9AAE2400A2A153 /* CarharttWIPUITestsLaunchTests.swift in Sources */ = {isa = PBXBuildFile; fileRef = 72615F252C9AAE2400A2A153 /* CarharttWIPUITestsLaunchTests.swift */; };
		72615F362C9AAE8100A2A153 /* Item.swift in Sources */ = {isa = PBXBuildFile; fileRef = 72615F352C9AAE8100A2A153 /* Item.swift */; };
		72615F382C9AAE9200A2A153 /* LikeItem.swift in Sources */ = {isa = PBXBuildFile; fileRef = 72615F372C9AAE9200A2A153 /* LikeItem.swift */; };
		72615F3B2C9AAF2000A2A153 /* DataDTO.json in Resources */ = {isa = PBXBuildFile; fileRef = 72615F3A2C9AAF2000A2A153 /* DataDTO.json */; };
		72A795FB2C9C3036002C98B2 /* DataEmptyDTO.json in Resources */ = {isa = PBXBuildFile; fileRef = 72A795FA2C9C3036002C98B2 /* DataEmptyDTO.json */; };
		72A795FD2C9C303F002C98B2 /* DataLessTahnTenDTO.json in Resources */ = {isa = PBXBuildFile; fileRef = 72A795FC2C9C303F002C98B2 /* DataLessTahnTenDTO.json */; };
		72A796032C9C3073002C98B2 /* LocalClientEmptyTest.swift in Sources */ = {isa = PBXBuildFile; fileRef = 72A795FF2C9C3073002C98B2 /* LocalClientEmptyTest.swift */; };
		72A796042C9C3073002C98B2 /* LocalClientLessThanTenTest.swift in Sources */ = {isa = PBXBuildFile; fileRef = 72A796002C9C3073002C98B2 /* LocalClientLessThanTenTest.swift */; };
		72A796052C9C3073002C98B2 /* LocalClientTest.swift in Sources */ = {isa = PBXBuildFile; fileRef = 72A796012C9C3073002C98B2 /* LocalClientTest.swift */; };
		72A796062C9C3073002C98B2 /* LocalClientBadPathTest.swift in Sources */ = {isa = PBXBuildFile; fileRef = 72A796022C9C3073002C98B2 /* LocalClientBadPathTest.swift */; };
		72A7960A2C9C30F0002C98B2 /* LikeWIPViewModelTest.swift in Sources */ = {isa = PBXBuildFile; fileRef = 72A796092C9C30F0002C98B2 /* LikeWIPViewModelTest.swift */; };
		72CB77E92C9AE89D008A8F9C /* String+Extensions.swift in Sources */ = {isa = PBXBuildFile; fileRef = 72CB77E82C9AE89D008A8F9C /* String+Extensions.swift */; };
		72CB77EE2C9AE8BC008A8F9C /* LocalClientProtocol.swift in Sources */ = {isa = PBXBuildFile; fileRef = 72CB77EB2C9AE8BC008A8F9C /* LocalClientProtocol.swift */; };
		72CB77EF2C9AE8BC008A8F9C /* LocalClient.swift in Sources */ = {isa = PBXBuildFile; fileRef = 72CB77EC2C9AE8BC008A8F9C /* LocalClient.swift */; };
		72CB77F02C9AE8BC008A8F9C /* LocalClientError.swift in Sources */ = {isa = PBXBuildFile; fileRef = 72CB77ED2C9AE8BC008A8F9C /* LocalClientError.swift */; };
		72CB77FE2C9AE8E7008A8F9C /* DataDTO.swift in Sources */ = {isa = PBXBuildFile; fileRef = 72CB77F62C9AE8E7008A8F9C /* DataDTO.swift */; };
		72CB77FF2C9AE8E7008A8F9C /* ItemDTO.swift in Sources */ = {isa = PBXBuildFile; fileRef = 72CB77F72C9AE8E7008A8F9C /* ItemDTO.swift */; };
		72CB78002C9AE8E7008A8F9C /* InputDataLocalProtocol.swift in Sources */ = {isa = PBXBuildFile; fileRef = 72CB77F82C9AE8E7008A8F9C /* InputDataLocalProtocol.swift */; };
		72CB78012C9AE8E7008A8F9C /* InputDataLocal.swift in Sources */ = {isa = PBXBuildFile; fileRef = 72CB77F92C9AE8E7008A8F9C /* InputDataLocal.swift */; };
		72CB78022C9AE8E7008A8F9C /* InputDataRepositoryProtocol.swift in Sources */ = {isa = PBXBuildFile; fileRef = 72CB77FC2C9AE8E7008A8F9C /* InputDataRepositoryProtocol.swift */; };
		72CB78032C9AE8E7008A8F9C /* InputDataRepository.swift in Sources */ = {isa = PBXBuildFile; fileRef = 72CB77FD2C9AE8E7008A8F9C /* InputDataRepository.swift */; };
		72CB78082C9AE915008A8F9C /* InputDataUseCase.swift in Sources */ = {isa = PBXBuildFile; fileRef = 72CB78062C9AE915008A8F9C /* InputDataUseCase.swift */; };
		72CB78092C9AE915008A8F9C /* InputDataUseCaseProtocol.swift in Sources */ = {isa = PBXBuildFile; fileRef = 72CB78072C9AE915008A8F9C /* InputDataUseCaseProtocol.swift */; };
		72CB780F2C9AE9B0008A8F9C /* GameView.swift in Sources */ = {isa = PBXBuildFile; fileRef = 72CB780E2C9AE9B0008A8F9C /* GameView.swift */; };
		72CB78122C9AE9D3008A8F9C /* CardView.swift in Sources */ = {isa = PBXBuildFile; fileRef = 72CB78112C9AE9D3008A8F9C /* CardView.swift */; };
		72CB78142C9AEA02008A8F9C /* LikeWIPViewModel.swift in Sources */ = {isa = PBXBuildFile; fileRef = 72CB78132C9AEA02008A8F9C /* LikeWIPViewModel.swift */; };
		72CB78162C9AEA09008A8F9C /* LikeWIPView.swift in Sources */ = {isa = PBXBuildFile; fileRef = 72CB78152C9AEA09008A8F9C /* LikeWIPView.swift */; };
		72CB78182C9AEA15008A8F9C /* LikeWIPViewBuilder.swift in Sources */ = {isa = PBXBuildFile; fileRef = 72CB78172C9AEA15008A8F9C /* LikeWIPViewBuilder.swift */; };
		72CB781C2C9AEA3F008A8F9C /* LikeItemsView.swift in Sources */ = {isa = PBXBuildFile; fileRef = 72CB781B2C9AEA3F008A8F9C /* LikeItemsView.swift */; };
		72CB78202C9AEA69008A8F9C /* ResultListViewModel.swift in Sources */ = {isa = PBXBuildFile; fileRef = 72CB781D2C9AEA69008A8F9C /* ResultListViewModel.swift */; };
		72CB78212C9AEA69008A8F9C /* ResultListViewBuilder.swift in Sources */ = {isa = PBXBuildFile; fileRef = 72CB781E2C9AEA69008A8F9C /* ResultListViewBuilder.swift */; };
		72CB78222C9AEA69008A8F9C /* ResultListView.swift in Sources */ = {isa = PBXBuildFile; fileRef = 72CB781F2C9AEA69008A8F9C /* ResultListView.swift */; };
		72CB78242C9AEC39008A8F9C /* LikeItem+Extensions.swift in Sources */ = {isa = PBXBuildFile; fileRef = 72CB78232C9AEC39008A8F9C /* LikeItem+Extensions.swift */; };
/* End PBXBuildFile section */

/* Begin PBXContainerItemProxy section */
		72615F162C9AAE2400A2A153 /* PBXContainerItemProxy */ = {
			isa = PBXContainerItemProxy;
			containerPortal = 72615EFD2C9AAE2200A2A153 /* Project object */;
			proxyType = 1;
			remoteGlobalIDString = 72615F042C9AAE2200A2A153;
			remoteInfo = CarharttWIP;
		};
		72615F202C9AAE2400A2A153 /* PBXContainerItemProxy */ = {
			isa = PBXContainerItemProxy;
			containerPortal = 72615EFD2C9AAE2200A2A153 /* Project object */;
			proxyType = 1;
			remoteGlobalIDString = 72615F042C9AAE2200A2A153;
			remoteInfo = CarharttWIP;
		};
/* End PBXContainerItemProxy section */

/* Begin PBXFileReference section */
		72615F052C9AAE2200A2A153 /* CarharttWIP.app */ = {isa = PBXFileReference; explicitFileType = wrapper.application; includeInIndex = 0; path = CarharttWIP.app; sourceTree = BUILT_PRODUCTS_DIR; };
		72615F082C9AAE2200A2A153 /* CarharttWIPApp.swift */ = {isa = PBXFileReference; lastKnownFileType = sourcecode.swift; path = CarharttWIPApp.swift; sourceTree = "<group>"; };
		72615F0C2C9AAE2300A2A153 /* Assets.xcassets */ = {isa = PBXFileReference; lastKnownFileType = folder.assetcatalog; path = Assets.xcassets; sourceTree = "<group>"; };
		72615F0F2C9AAE2300A2A153 /* Preview Assets.xcassets */ = {isa = PBXFileReference; lastKnownFileType = folder.assetcatalog; path = "Preview Assets.xcassets"; sourceTree = "<group>"; };
		72615F152C9AAE2400A2A153 /* CarharttWIPTests.xctest */ = {isa = PBXFileReference; explicitFileType = wrapper.cfbundle; includeInIndex = 0; path = CarharttWIPTests.xctest; sourceTree = BUILT_PRODUCTS_DIR; };
		72615F192C9AAE2400A2A153 /* CarharttWIPTests.swift */ = {isa = PBXFileReference; lastKnownFileType = sourcecode.swift; path = CarharttWIPTests.swift; sourceTree = "<group>"; };
		72615F1F2C9AAE2400A2A153 /* CarharttWIPUITests.xctest */ = {isa = PBXFileReference; explicitFileType = wrapper.cfbundle; includeInIndex = 0; path = CarharttWIPUITests.xctest; sourceTree = BUILT_PRODUCTS_DIR; };
		72615F232C9AAE2400A2A153 /* CarharttWIPUITests.swift */ = {isa = PBXFileReference; lastKnownFileType = sourcecode.swift; path = CarharttWIPUITests.swift; sourceTree = "<group>"; };
		72615F252C9AAE2400A2A153 /* CarharttWIPUITestsLaunchTests.swift */ = {isa = PBXFileReference; lastKnownFileType = sourcecode.swift; path = CarharttWIPUITestsLaunchTests.swift; sourceTree = "<group>"; };
		72615F352C9AAE8100A2A153 /* Item.swift */ = {isa = PBXFileReference; lastKnownFileType = sourcecode.swift; path = Item.swift; sourceTree = "<group>"; };
		72615F372C9AAE9200A2A153 /* LikeItem.swift */ = {isa = PBXFileReference; lastKnownFileType = sourcecode.swift; path = LikeItem.swift; sourceTree = "<group>"; };
		72615F3A2C9AAF2000A2A153 /* DataDTO.json */ = {isa = PBXFileReference; fileEncoding = 4; lastKnownFileType = text.json; path = DataDTO.json; sourceTree = "<group>"; };
		72A795FA2C9C3036002C98B2 /* DataEmptyDTO.json */ = {isa = PBXFileReference; fileEncoding = 4; lastKnownFileType = text.json; path = DataEmptyDTO.json; sourceTree = "<group>"; };
		72A795FC2C9C303F002C98B2 /* DataLessTahnTenDTO.json */ = {isa = PBXFileReference; fileEncoding = 4; lastKnownFileType = text.json; path = DataLessTahnTenDTO.json; sourceTree = "<group>"; };
		72A795FF2C9C3073002C98B2 /* LocalClientEmptyTest.swift */ = {isa = PBXFileReference; fileEncoding = 4; lastKnownFileType = sourcecode.swift; path = LocalClientEmptyTest.swift; sourceTree = "<group>"; };
		72A796002C9C3073002C98B2 /* LocalClientLessThanTenTest.swift */ = {isa = PBXFileReference; fileEncoding = 4; lastKnownFileType = sourcecode.swift; path = LocalClientLessThanTenTest.swift; sourceTree = "<group>"; };
		72A796012C9C3073002C98B2 /* LocalClientTest.swift */ = {isa = PBXFileReference; fileEncoding = 4; lastKnownFileType = sourcecode.swift; path = LocalClientTest.swift; sourceTree = "<group>"; };
		72A796022C9C3073002C98B2 /* LocalClientBadPathTest.swift */ = {isa = PBXFileReference; fileEncoding = 4; lastKnownFileType = sourcecode.swift; path = LocalClientBadPathTest.swift; sourceTree = "<group>"; };
		72A796092C9C30F0002C98B2 /* LikeWIPViewModelTest.swift */ = {isa = PBXFileReference; lastKnownFileType = sourcecode.swift; path = LikeWIPViewModelTest.swift; sourceTree = "<group>"; };
		72CB77E82C9AE89D008A8F9C /* String+Extensions.swift */ = {isa = PBXFileReference; lastKnownFileType = sourcecode.swift; path = "String+Extensions.swift"; sourceTree = "<group>"; };
		72CB77EB2C9AE8BC008A8F9C /* LocalClientProtocol.swift */ = {isa = PBXFileReference; fileEncoding = 4; lastKnownFileType = sourcecode.swift; path = LocalClientProtocol.swift; sourceTree = "<group>"; };
		72CB77EC2C9AE8BC008A8F9C /* LocalClient.swift */ = {isa = PBXFileReference; fileEncoding = 4; lastKnownFileType = sourcecode.swift; path = LocalClient.swift; sourceTree = "<group>"; };
		72CB77ED2C9AE8BC008A8F9C /* LocalClientError.swift */ = {isa = PBXFileReference; fileEncoding = 4; lastKnownFileType = sourcecode.swift; path = LocalClientError.swift; sourceTree = "<group>"; };
		72CB77F62C9AE8E7008A8F9C /* DataDTO.swift */ = {isa = PBXFileReference; fileEncoding = 4; lastKnownFileType = sourcecode.swift; path = DataDTO.swift; sourceTree = "<group>"; };
		72CB77F72C9AE8E7008A8F9C /* ItemDTO.swift */ = {isa = PBXFileReference; fileEncoding = 4; lastKnownFileType = sourcecode.swift; path = ItemDTO.swift; sourceTree = "<group>"; };
		72CB77F82C9AE8E7008A8F9C /* InputDataLocalProtocol.swift */ = {isa = PBXFileReference; fileEncoding = 4; lastKnownFileType = sourcecode.swift; path = InputDataLocalProtocol.swift; sourceTree = "<group>"; };
		72CB77F92C9AE8E7008A8F9C /* InputDataLocal.swift */ = {isa = PBXFileReference; fileEncoding = 4; lastKnownFileType = sourcecode.swift; path = InputDataLocal.swift; sourceTree = "<group>"; };
		72CB77FC2C9AE8E7008A8F9C /* InputDataRepositoryProtocol.swift */ = {isa = PBXFileReference; fileEncoding = 4; lastKnownFileType = sourcecode.swift; path = InputDataRepositoryProtocol.swift; sourceTree = "<group>"; };
		72CB77FD2C9AE8E7008A8F9C /* InputDataRepository.swift */ = {isa = PBXFileReference; fileEncoding = 4; lastKnownFileType = sourcecode.swift; path = InputDataRepository.swift; sourceTree = "<group>"; };
		72CB78062C9AE915008A8F9C /* InputDataUseCase.swift */ = {isa = PBXFileReference; fileEncoding = 4; lastKnownFileType = sourcecode.swift; path = InputDataUseCase.swift; sourceTree = "<group>"; };
		72CB78072C9AE915008A8F9C /* InputDataUseCaseProtocol.swift */ = {isa = PBXFileReference; fileEncoding = 4; lastKnownFileType = sourcecode.swift; path = InputDataUseCaseProtocol.swift; sourceTree = "<group>"; };
		72CB780E2C9AE9B0008A8F9C /* GameView.swift */ = {isa = PBXFileReference; fileEncoding = 4; lastKnownFileType = sourcecode.swift; path = GameView.swift; sourceTree = "<group>"; };
		72CB78112C9AE9D3008A8F9C /* CardView.swift */ = {isa = PBXFileReference; fileEncoding = 4; lastKnownFileType = sourcecode.swift; path = CardView.swift; sourceTree = "<group>"; };
		72CB78132C9AEA02008A8F9C /* LikeWIPViewModel.swift */ = {isa = PBXFileReference; lastKnownFileType = sourcecode.swift; path = LikeWIPViewModel.swift; sourceTree = "<group>"; };
		72CB78152C9AEA09008A8F9C /* LikeWIPView.swift */ = {isa = PBXFileReference; lastKnownFileType = sourcecode.swift; path = LikeWIPView.swift; sourceTree = "<group>"; };
		72CB78172C9AEA15008A8F9C /* LikeWIPViewBuilder.swift */ = {isa = PBXFileReference; lastKnownFileType = sourcecode.swift; path = LikeWIPViewBuilder.swift; sourceTree = "<group>"; };
		72CB781B2C9AEA3F008A8F9C /* LikeItemsView.swift */ = {isa = PBXFileReference; fileEncoding = 4; lastKnownFileType = sourcecode.swift; path = LikeItemsView.swift; sourceTree = "<group>"; };
		72CB781D2C9AEA69008A8F9C /* ResultListViewModel.swift */ = {isa = PBXFileReference; fileEncoding = 4; lastKnownFileType = sourcecode.swift; path = ResultListViewModel.swift; sourceTree = "<group>"; };
		72CB781E2C9AEA69008A8F9C /* ResultListViewBuilder.swift */ = {isa = PBXFileReference; fileEncoding = 4; lastKnownFileType = sourcecode.swift; path = ResultListViewBuilder.swift; sourceTree = "<group>"; };
		72CB781F2C9AEA69008A8F9C /* ResultListView.swift */ = {isa = PBXFileReference; fileEncoding = 4; lastKnownFileType = sourcecode.swift; path = ResultListView.swift; sourceTree = "<group>"; };
		72CB78232C9AEC39008A8F9C /* LikeItem+Extensions.swift */ = {isa = PBXFileReference; fileEncoding = 4; lastKnownFileType = sourcecode.swift; path = "LikeItem+Extensions.swift"; sourceTree = "<group>"; };
/* End PBXFileReference section */

/* Begin PBXFrameworksBuildPhase section */
		72615F022C9AAE2200A2A153 /* Frameworks */ = {
			isa = PBXFrameworksBuildPhase;
			buildActionMask = 2147483647;
			files = (
			);
			runOnlyForDeploymentPostprocessing = 0;
		};
		72615F122C9AAE2400A2A153 /* Frameworks */ = {
			isa = PBXFrameworksBuildPhase;
			buildActionMask = 2147483647;
			files = (
			);
			runOnlyForDeploymentPostprocessing = 0;
		};
		72615F1C2C9AAE2400A2A153 /* Frameworks */ = {
			isa = PBXFrameworksBuildPhase;
			buildActionMask = 2147483647;
			files = (
			);
			runOnlyForDeploymentPostprocessing = 0;
		};
/* End PBXFrameworksBuildPhase section */

/* Begin PBXGroup section */
		72615EFC2C9AAE2200A2A153 = {
			isa = PBXGroup;
			children = (
				72615F072C9AAE2200A2A153 /* CarharttWIP */,
				72615F182C9AAE2400A2A153 /* CarharttWIPTests */,
				72615F222C9AAE2400A2A153 /* CarharttWIPUITests */,
				72615F062C9AAE2200A2A153 /* Products */,
			);
			sourceTree = "<group>";
		};
		72615F062C9AAE2200A2A153 /* Products */ = {
			isa = PBXGroup;
			children = (
				72615F052C9AAE2200A2A153 /* CarharttWIP.app */,
				72615F152C9AAE2400A2A153 /* CarharttWIPTests.xctest */,
				72615F1F2C9AAE2400A2A153 /* CarharttWIPUITests.xctest */,
			);
			name = Products;
			sourceTree = "<group>";
		};
		72615F072C9AAE2200A2A153 /* CarharttWIP */ = {
			isa = PBXGroup;
			children = (
				72CB77E72C9AE896008A8F9C /* Extensions */,
				72CB77EA2C9AE8AC008A8F9C /* Managers */,
				72CB77F12C9AE8E7008A8F9C /* Data */,
				72615F322C9AAE5100A2A153 /* Domain */,
				72CB780A2C9AE944008A8F9C /* Presentation */,
				72615F392C9AAF0300A2A153 /* Resources */,
				72615F0E2C9AAE2300A2A153 /* Preview Content */,
			);
			path = CarharttWIP;
			sourceTree = "<group>";
		};
		72615F0E2C9AAE2300A2A153 /* Preview Content */ = {
			isa = PBXGroup;
			children = (
				72615F0F2C9AAE2300A2A153 /* Preview Assets.xcassets */,
				72CB78232C9AEC39008A8F9C /* LikeItem+Extensions.swift */,
			);
			path = "Preview Content";
			sourceTree = "<group>";
		};
		72615F182C9AAE2400A2A153 /* CarharttWIPTests */ = {
			isa = PBXGroup;
			children = (
				72A795F82C9C3019002C98B2 /* DataClient */,
				72615F192C9AAE2400A2A153 /* CarharttWIPTests.swift */,
			);
			path = CarharttWIPTests;
			sourceTree = "<group>";
		};
		72615F222C9AAE2400A2A153 /* CarharttWIPUITests */ = {
			isa = PBXGroup;
			children = (
				72615F232C9AAE2400A2A153 /* CarharttWIPUITests.swift */,
				72615F252C9AAE2400A2A153 /* CarharttWIPUITestsLaunchTests.swift */,
			);
			path = CarharttWIPUITests;
			sourceTree = "<group>";
		};
		72615F322C9AAE5100A2A153 /* Domain */ = {
			isa = PBXGroup;
			children = (
				72CB78042C9AE915008A8F9C /* UseCases */,
				72615F332C9AAE5900A2A153 /* Entities */,
			);
			path = Domain;
			sourceTree = "<group>";
		};
		72615F332C9AAE5900A2A153 /* Entities */ = {
			isa = PBXGroup;
			children = (
				72615F342C9AAE6E00A2A153 /* Items */,
			);
			path = Entities;
			sourceTree = "<group>";
		};
		72615F342C9AAE6E00A2A153 /* Items */ = {
			isa = PBXGroup;
			children = (
				72615F352C9AAE8100A2A153 /* Item.swift */,
				72615F372C9AAE9200A2A153 /* LikeItem.swift */,
			);
			path = Items;
			sourceTree = "<group>";
		};
		72615F392C9AAF0300A2A153 /* Resources */ = {
			isa = PBXGroup;
			children = (
				72615F0C2C9AAE2300A2A153 /* Assets.xcassets */,
				72615F3A2C9AAF2000A2A153 /* DataDTO.json */,
			);
			path = Resources;
			sourceTree = "<group>";
		};
		72A795F82C9C3019002C98B2 /* DataClient */ = {
			isa = PBXGroup;
			children = (
				72A795F92C9C3020002C98B2 /* Files */,
				72A795FE2C9C3073002C98B2 /* Managers */,
				72A796072C9C30BB002C98B2 /* Presentation */,
			);
			path = DataClient;
			sourceTree = "<group>";
		};
		72A795F92C9C3020002C98B2 /* Files */ = {
			isa = PBXGroup;
			children = (
				72A795FC2C9C303F002C98B2 /* DataLessTahnTenDTO.json */,
				72A795FA2C9C3036002C98B2 /* DataEmptyDTO.json */,
			);
			path = Files;
			sourceTree = "<group>";
		};
		72A795FE2C9C3073002C98B2 /* Managers */ = {
			isa = PBXGroup;
			children = (
				72A795FF2C9C3073002C98B2 /* LocalClientEmptyTest.swift */,
				72A796002C9C3073002C98B2 /* LocalClientLessThanTenTest.swift */,
				72A796012C9C3073002C98B2 /* LocalClientTest.swift */,
				72A796022C9C3073002C98B2 /* LocalClientBadPathTest.swift */,
			);
			path = Managers;
			sourceTree = "<group>";
		};
		72A796072C9C30BB002C98B2 /* Presentation */ = {
			isa = PBXGroup;
			children = (
				72A796082C9C30D0002C98B2 /* LikeWIP */,
			);
			path = Presentation;
			sourceTree = "<group>";
		};
		72A796082C9C30D0002C98B2 /* LikeWIP */ = {
			isa = PBXGroup;
			children = (
				72A796092C9C30F0002C98B2 /* LikeWIPViewModelTest.swift */,
			);
			path = LikeWIP;
			sourceTree = "<group>";
		};
		72CB77E72C9AE896008A8F9C /* Extensions */ = {
			isa = PBXGroup;
			children = (
				72CB77E82C9AE89D008A8F9C /* String+Extensions.swift */,
			);
			path = Extensions;
			sourceTree = "<group>";
		};
		72CB77EA2C9AE8AC008A8F9C /* Managers */ = {
			isa = PBXGroup;
			children = (
				72CB77EC2C9AE8BC008A8F9C /* LocalClient.swift */,
				72CB77ED2C9AE8BC008A8F9C /* LocalClientError.swift */,
				72CB77EB2C9AE8BC008A8F9C /* LocalClientProtocol.swift */,
			);
			path = Managers;
			sourceTree = "<group>";
		};
		72CB77F12C9AE8E7008A8F9C /* Data */ = {
			isa = PBXGroup;
			children = (
				72CB77F22C9AE8E7008A8F9C /* DataSource */,
				72CB77FA2C9AE8E7008A8F9C /* Repositories */,
			);
			path = Data;
			sourceTree = "<group>";
		};
		72CB77F22C9AE8E7008A8F9C /* DataSource */ = {
			isa = PBXGroup;
			children = (
				72CB77F32C9AE8E7008A8F9C /* Items */,
			);
			path = DataSource;
			sourceTree = "<group>";
		};
		72CB77F32C9AE8E7008A8F9C /* Items */ = {
			isa = PBXGroup;
			children = (
				72CB77F42C9AE8E7008A8F9C /* Local */,
			);
			path = Items;
			sourceTree = "<group>";
		};
		72CB77F42C9AE8E7008A8F9C /* Local */ = {
			isa = PBXGroup;
			children = (
				72CB77F52C9AE8E7008A8F9C /* DTO */,
				72CB77F82C9AE8E7008A8F9C /* InputDataLocalProtocol.swift */,
				72CB77F92C9AE8E7008A8F9C /* InputDataLocal.swift */,
			);
			path = Local;
			sourceTree = "<group>";
		};
		72CB77F52C9AE8E7008A8F9C /* DTO */ = {
			isa = PBXGroup;
			children = (
				72CB77F62C9AE8E7008A8F9C /* DataDTO.swift */,
				72CB77F72C9AE8E7008A8F9C /* ItemDTO.swift */,
			);
			path = DTO;
			sourceTree = "<group>";
		};
		72CB77FA2C9AE8E7008A8F9C /* Repositories */ = {
			isa = PBXGroup;
			children = (
				72CB77FB2C9AE8E7008A8F9C /* Items */,
			);
			path = Repositories;
			sourceTree = "<group>";
		};
		72CB77FB2C9AE8E7008A8F9C /* Items */ = {
			isa = PBXGroup;
			children = (
				72CB77FC2C9AE8E7008A8F9C /* InputDataRepositoryProtocol.swift */,
				72CB77FD2C9AE8E7008A8F9C /* InputDataRepository.swift */,
			);
			path = Items;
			sourceTree = "<group>";
		};
		72CB78042C9AE915008A8F9C /* UseCases */ = {
			isa = PBXGroup;
			children = (
				72CB78052C9AE915008A8F9C /* Items */,
			);
			path = UseCases;
			sourceTree = "<group>";
		};
		72CB78052C9AE915008A8F9C /* Items */ = {
			isa = PBXGroup;
			children = (
				72CB78062C9AE915008A8F9C /* InputDataUseCase.swift */,
				72CB78072C9AE915008A8F9C /* InputDataUseCaseProtocol.swift */,
			);
			path = Items;
			sourceTree = "<group>";
		};
		72CB780A2C9AE944008A8F9C /* Presentation */ = {
			isa = PBXGroup;
			children = (
				72CB780B2C9AE95C008A8F9C /* App */,
				72CB780C2C9AE973008A8F9C /* Game */,
				72CB780D2C9AE982008A8F9C /* LikeWIP */,
				72CB78192C9AEA2B008A8F9C /* ResultList */,
			);
			path = Presentation;
			sourceTree = "<group>";
		};
		72CB780B2C9AE95C008A8F9C /* App */ = {
			isa = PBXGroup;
			children = (
				72615F082C9AAE2200A2A153 /* CarharttWIPApp.swift */,
			);
			path = App;
			sourceTree = "<group>";
		};
		72CB780C2C9AE973008A8F9C /* Game */ = {
			isa = PBXGroup;
			children = (
				72CB780E2C9AE9B0008A8F9C /* GameView.swift */,
			);
			path = Game;
			sourceTree = "<group>";
		};
		72CB780D2C9AE982008A8F9C /* LikeWIP */ = {
			isa = PBXGroup;
			children = (
				72CB78102C9AE9D3008A8F9C /* CellView */,
				72CB78152C9AEA09008A8F9C /* LikeWIPView.swift */,
				72CB78132C9AEA02008A8F9C /* LikeWIPViewModel.swift */,
				72CB78172C9AEA15008A8F9C /* LikeWIPViewBuilder.swift */,
			);
			path = LikeWIP;
			sourceTree = "<group>";
		};
		72CB78102C9AE9D3008A8F9C /* CellView */ = {
			isa = PBXGroup;
			children = (
				72CB78112C9AE9D3008A8F9C /* CardView.swift */,
			);
			path = CellView;
			sourceTree = "<group>";
		};
		72CB78192C9AEA2B008A8F9C /* ResultList */ = {
			isa = PBXGroup;
			children = (
				72CB781A2C9AEA3F008A8F9C /* CellView */,
				72CB781F2C9AEA69008A8F9C /* ResultListView.swift */,
				72CB781D2C9AEA69008A8F9C /* ResultListViewModel.swift */,
				72CB781E2C9AEA69008A8F9C /* ResultListViewBuilder.swift */,
			);
			path = ResultList;
			sourceTree = "<group>";
		};
		72CB781A2C9AEA3F008A8F9C /* CellView */ = {
			isa = PBXGroup;
			children = (
				72CB781B2C9AEA3F008A8F9C /* LikeItemsView.swift */,
			);
			path = CellView;
			sourceTree = "<group>";
		};
/* End PBXGroup section */

/* Begin PBXNativeTarget section */
		72615F042C9AAE2200A2A153 /* CarharttWIP */ = {
			isa = PBXNativeTarget;
			buildConfigurationList = 72615F292C9AAE2400A2A153 /* Build configuration list for PBXNativeTarget "CarharttWIP" */;
			buildPhases = (
				72615F012C9AAE2200A2A153 /* Sources */,
				72615F022C9AAE2200A2A153 /* Frameworks */,
				72615F032C9AAE2200A2A153 /* Resources */,
			);
			buildRules = (
			);
			dependencies = (
			);
			name = CarharttWIP;
			productName = CarharttWIP;
			productReference = 72615F052C9AAE2200A2A153 /* CarharttWIP.app */;
			productType = "com.apple.product-type.application";
		};
		72615F142C9AAE2400A2A153 /* CarharttWIPTests */ = {
			isa = PBXNativeTarget;
			buildConfigurationList = 72615F2C2C9AAE2400A2A153 /* Build configuration list for PBXNativeTarget "CarharttWIPTests" */;
			buildPhases = (
				72615F112C9AAE2400A2A153 /* Sources */,
				72615F122C9AAE2400A2A153 /* Frameworks */,
				72615F132C9AAE2400A2A153 /* Resources */,
			);
			buildRules = (
			);
			dependencies = (
				72615F172C9AAE2400A2A153 /* PBXTargetDependency */,
			);
			name = CarharttWIPTests;
			productName = CarharttWIPTests;
			productReference = 72615F152C9AAE2400A2A153 /* CarharttWIPTests.xctest */;
			productType = "com.apple.product-type.bundle.unit-test";
		};
		72615F1E2C9AAE2400A2A153 /* CarharttWIPUITests */ = {
			isa = PBXNativeTarget;
			buildConfigurationList = 72615F2F2C9AAE2400A2A153 /* Build configuration list for PBXNativeTarget "CarharttWIPUITests" */;
			buildPhases = (
				72615F1B2C9AAE2400A2A153 /* Sources */,
				72615F1C2C9AAE2400A2A153 /* Frameworks */,
				72615F1D2C9AAE2400A2A153 /* Resources */,
			);
			buildRules = (
			);
			dependencies = (
				72615F212C9AAE2400A2A153 /* PBXTargetDependency */,
			);
			name = CarharttWIPUITests;
			productName = CarharttWIPUITests;
			productReference = 72615F1F2C9AAE2400A2A153 /* CarharttWIPUITests.xctest */;
			productType = "com.apple.product-type.bundle.ui-testing";
		};
/* End PBXNativeTarget section */

/* Begin PBXProject section */
		72615EFD2C9AAE2200A2A153 /* Project object */ = {
			isa = PBXProject;
			attributes = {
				BuildIndependentTargetsInParallel = 1;
				LastSwiftUpdateCheck = 1520;
				LastUpgradeCheck = 1520;
				TargetAttributes = {
					72615F042C9AAE2200A2A153 = {
						CreatedOnToolsVersion = 15.2;
					};
					72615F142C9AAE2400A2A153 = {
						CreatedOnToolsVersion = 15.2;
						TestTargetID = 72615F042C9AAE2200A2A153;
					};
					72615F1E2C9AAE2400A2A153 = {
						CreatedOnToolsVersion = 15.2;
						TestTargetID = 72615F042C9AAE2200A2A153;
					};
				};
			};
			buildConfigurationList = 72615F002C9AAE2200A2A153 /* Build configuration list for PBXProject "CarharttWIP" */;
			compatibilityVersion = "Xcode 14.0";
			developmentRegion = en;
			hasScannedForEncodings = 0;
			knownRegions = (
				en,
				Base,
			);
			mainGroup = 72615EFC2C9AAE2200A2A153;
			productRefGroup = 72615F062C9AAE2200A2A153 /* Products */;
			projectDirPath = "";
			projectRoot = "";
			targets = (
				72615F042C9AAE2200A2A153 /* CarharttWIP */,
				72615F142C9AAE2400A2A153 /* CarharttWIPTests */,
				72615F1E2C9AAE2400A2A153 /* CarharttWIPUITests */,
			);
		};
/* End PBXProject section */

/* Begin PBXResourcesBuildPhase section */
		72615F032C9AAE2200A2A153 /* Resources */ = {
			isa = PBXResourcesBuildPhase;
			buildActionMask = 2147483647;
			files = (
				72615F3B2C9AAF2000A2A153 /* DataDTO.json in Resources */,
				72615F102C9AAE2300A2A153 /* Preview Assets.xcassets in Resources */,
				72615F0D2C9AAE2300A2A153 /* Assets.xcassets in Resources */,
			);
			runOnlyForDeploymentPostprocessing = 0;
		};
		72615F132C9AAE2400A2A153 /* Resources */ = {
			isa = PBXResourcesBuildPhase;
			buildActionMask = 2147483647;
			files = (
				72A795FB2C9C3036002C98B2 /* DataEmptyDTO.json in Resources */,
				72A795FD2C9C303F002C98B2 /* DataLessTahnTenDTO.json in Resources */,
			);
			runOnlyForDeploymentPostprocessing = 0;
		};
		72615F1D2C9AAE2400A2A153 /* Resources */ = {
			isa = PBXResourcesBuildPhase;
			buildActionMask = 2147483647;
			files = (
			);
			runOnlyForDeploymentPostprocessing = 0;
		};
/* End PBXResourcesBuildPhase section */

/* Begin PBXSourcesBuildPhase section */
		72615F012C9AAE2200A2A153 /* Sources */ = {
			isa = PBXSourcesBuildPhase;
			buildActionMask = 2147483647;
			files = (
				72CB78162C9AEA09008A8F9C /* LikeWIPView.swift in Sources */,
				72CB78012C9AE8E7008A8F9C /* InputDataLocal.swift in Sources */,
				72CB77E92C9AE89D008A8F9C /* String+Extensions.swift in Sources */,
				72CB77FF2C9AE8E7008A8F9C /* ItemDTO.swift in Sources */,
				72CB78002C9AE8E7008A8F9C /* InputDataLocalProtocol.swift in Sources */,
				72CB780F2C9AE9B0008A8F9C /* GameView.swift in Sources */,
				72CB78222C9AEA69008A8F9C /* ResultListView.swift in Sources */,
				72CB78082C9AE915008A8F9C /* InputDataUseCase.swift in Sources */,
				72CB77EE2C9AE8BC008A8F9C /* LocalClientProtocol.swift in Sources */,
				72CB77FE2C9AE8E7008A8F9C /* DataDTO.swift in Sources */,
				72CB77EF2C9AE8BC008A8F9C /* LocalClient.swift in Sources */,
				72CB78122C9AE9D3008A8F9C /* CardView.swift in Sources */,
				72615F382C9AAE9200A2A153 /* LikeItem.swift in Sources */,
				72CB78182C9AEA15008A8F9C /* LikeWIPViewBuilder.swift in Sources */,
				72CB781C2C9AEA3F008A8F9C /* LikeItemsView.swift in Sources */,
				72CB77F02C9AE8BC008A8F9C /* LocalClientError.swift in Sources */,
				72615F362C9AAE8100A2A153 /* Item.swift in Sources */,
				72615F092C9AAE2200A2A153 /* CarharttWIPApp.swift in Sources */,
				72CB78032C9AE8E7008A8F9C /* InputDataRepository.swift in Sources */,
				72CB78212C9AEA69008A8F9C /* ResultListViewBuilder.swift in Sources */,
				72CB78242C9AEC39008A8F9C /* LikeItem+Extensions.swift in Sources */,
				72CB78142C9AEA02008A8F9C /* LikeWIPViewModel.swift in Sources */,
				72CB78092C9AE915008A8F9C /* InputDataUseCaseProtocol.swift in Sources */,
				72CB78022C9AE8E7008A8F9C /* InputDataRepositoryProtocol.swift in Sources */,
				72CB78202C9AEA69008A8F9C /* ResultListViewModel.swift in Sources */,
			);
			runOnlyForDeploymentPostprocessing = 0;
		};
		72615F112C9AAE2400A2A153 /* Sources */ = {
			isa = PBXSourcesBuildPhase;
			buildActionMask = 2147483647;
			files = (
				72A7960A2C9C30F0002C98B2 /* LikeWIPViewModelTest.swift in Sources */,
				72A796062C9C3073002C98B2 /* LocalClientBadPathTest.swift in Sources */,
				72A796042C9C3073002C98B2 /* LocalClientLessThanTenTest.swift in Sources */,
				72A796032C9C3073002C98B2 /* LocalClientEmptyTest.swift in Sources */,
				72A796052C9C3073002C98B2 /* LocalClientTest.swift in Sources */,
				72615F1A2C9AAE2400A2A153 /* CarharttWIPTests.swift in Sources */,
			);
			runOnlyForDeploymentPostprocessing = 0;
		};
		72615F1B2C9AAE2400A2A153 /* Sources */ = {
			isa = PBXSourcesBuildPhase;
			buildActionMask = 2147483647;
			files = (
				72615F262C9AAE2400A2A153 /* CarharttWIPUITestsLaunchTests.swift in Sources */,
				72615F242C9AAE2400A2A153 /* CarharttWIPUITests.swift in Sources */,
			);
			runOnlyForDeploymentPostprocessing = 0;
		};
/* End PBXSourcesBuildPhase section */

/* Begin PBXTargetDependency section */
		72615F172C9AAE2400A2A153 /* PBXTargetDependency */ = {
			isa = PBXTargetDependency;
			target = 72615F042C9AAE2200A2A153 /* CarharttWIP */;
			targetProxy = 72615F162C9AAE2400A2A153 /* PBXContainerItemProxy */;
		};
		72615F212C9AAE2400A2A153 /* PBXTargetDependency */ = {
			isa = PBXTargetDependency;
			target = 72615F042C9AAE2200A2A153 /* CarharttWIP */;
			targetProxy = 72615F202C9AAE2400A2A153 /* PBXContainerItemProxy */;
		};
/* End PBXTargetDependency section */

/* Begin XCBuildConfiguration section */
		72615F272C9AAE2400A2A153 /* Debug */ = {
			isa = XCBuildConfiguration;
			buildSettings = {
				ALWAYS_SEARCH_USER_PATHS = NO;
				ASSETCATALOG_COMPILER_GENERATE_SWIFT_ASSET_SYMBOL_EXTENSIONS = YES;
				CLANG_ANALYZER_NONNULL = YES;
				CLANG_ANALYZER_NUMBER_OBJECT_CONVERSION = YES_AGGRESSIVE;
				CLANG_CXX_LANGUAGE_STANDARD = "gnu++20";
				CLANG_ENABLE_MODULES = YES;
				CLANG_ENABLE_OBJC_ARC = YES;
				CLANG_ENABLE_OBJC_WEAK = YES;
				CLANG_WARN_BLOCK_CAPTURE_AUTORELEASING = YES;
				CLANG_WARN_BOOL_CONVERSION = YES;
				CLANG_WARN_COMMA = YES;
				CLANG_WARN_CONSTANT_CONVERSION = YES;
				CLANG_WARN_DEPRECATED_OBJC_IMPLEMENTATIONS = YES;
				CLANG_WARN_DIRECT_OBJC_ISA_USAGE = YES_ERROR;
				CLANG_WARN_DOCUMENTATION_COMMENTS = YES;
				CLANG_WARN_EMPTY_BODY = YES;
				CLANG_WARN_ENUM_CONVERSION = YES;
				CLANG_WARN_INFINITE_RECURSION = YES;
				CLANG_WARN_INT_CONVERSION = YES;
				CLANG_WARN_NON_LITERAL_NULL_CONVERSION = YES;
				CLANG_WARN_OBJC_IMPLICIT_RETAIN_SELF = YES;
				CLANG_WARN_OBJC_LITERAL_CONVERSION = YES;
				CLANG_WARN_OBJC_ROOT_CLASS = YES_ERROR;
				CLANG_WARN_QUOTED_INCLUDE_IN_FRAMEWORK_HEADER = YES;
				CLANG_WARN_RANGE_LOOP_ANALYSIS = YES;
				CLANG_WARN_STRICT_PROTOTYPES = YES;
				CLANG_WARN_SUSPICIOUS_MOVE = YES;
				CLANG_WARN_UNGUARDED_AVAILABILITY = YES_AGGRESSIVE;
				CLANG_WARN_UNREACHABLE_CODE = YES;
				CLANG_WARN__DUPLICATE_METHOD_MATCH = YES;
				COPY_PHASE_STRIP = NO;
				DEBUG_INFORMATION_FORMAT = dwarf;
				ENABLE_STRICT_OBJC_MSGSEND = YES;
				ENABLE_TESTABILITY = YES;
				ENABLE_USER_SCRIPT_SANDBOXING = YES;
				GCC_C_LANGUAGE_STANDARD = gnu17;
				GCC_DYNAMIC_NO_PIC = NO;
				GCC_NO_COMMON_BLOCKS = YES;
				GCC_OPTIMIZATION_LEVEL = 0;
				GCC_PREPROCESSOR_DEFINITIONS = (
					"DEBUG=1",
					"$(inherited)",
				);
				GCC_WARN_64_TO_32_BIT_CONVERSION = YES;
				GCC_WARN_ABOUT_RETURN_TYPE = YES_ERROR;
				GCC_WARN_UNDECLARED_SELECTOR = YES;
				GCC_WARN_UNINITIALIZED_AUTOS = YES_AGGRESSIVE;
				GCC_WARN_UNUSED_FUNCTION = YES;
				GCC_WARN_UNUSED_VARIABLE = YES;
				IPHONEOS_DEPLOYMENT_TARGET = 17.2;
				LOCALIZATION_PREFERS_STRING_CATALOGS = YES;
				MTL_ENABLE_DEBUG_INFO = INCLUDE_SOURCE;
				MTL_FAST_MATH = YES;
				ONLY_ACTIVE_ARCH = YES;
				SDKROOT = iphoneos;
				SWIFT_ACTIVE_COMPILATION_CONDITIONS = "DEBUG $(inherited)";
				SWIFT_OPTIMIZATION_LEVEL = "-Onone";
			};
			name = Debug;
		};
		72615F282C9AAE2400A2A153 /* Release */ = {
			isa = XCBuildConfiguration;
			buildSettings = {
				ALWAYS_SEARCH_USER_PATHS = NO;
				ASSETCATALOG_COMPILER_GENERATE_SWIFT_ASSET_SYMBOL_EXTENSIONS = YES;
				CLANG_ANALYZER_NONNULL = YES;
				CLANG_ANALYZER_NUMBER_OBJECT_CONVERSION = YES_AGGRESSIVE;
				CLANG_CXX_LANGUAGE_STANDARD = "gnu++20";
				CLANG_ENABLE_MODULES = YES;
				CLANG_ENABLE_OBJC_ARC = YES;
				CLANG_ENABLE_OBJC_WEAK = YES;
				CLANG_WARN_BLOCK_CAPTURE_AUTORELEASING = YES;
				CLANG_WARN_BOOL_CONVERSION = YES;
				CLANG_WARN_COMMA = YES;
				CLANG_WARN_CONSTANT_CONVERSION = YES;
				CLANG_WARN_DEPRECATED_OBJC_IMPLEMENTATIONS = YES;
				CLANG_WARN_DIRECT_OBJC_ISA_USAGE = YES_ERROR;
				CLANG_WARN_DOCUMENTATION_COMMENTS = YES;
				CLANG_WARN_EMPTY_BODY = YES;
				CLANG_WARN_ENUM_CONVERSION = YES;
				CLANG_WARN_INFINITE_RECURSION = YES;
				CLANG_WARN_INT_CONVERSION = YES;
				CLANG_WARN_NON_LITERAL_NULL_CONVERSION = YES;
				CLANG_WARN_OBJC_IMPLICIT_RETAIN_SELF = YES;
				CLANG_WARN_OBJC_LITERAL_CONVERSION = YES;
				CLANG_WARN_OBJC_ROOT_CLASS = YES_ERROR;
				CLANG_WARN_QUOTED_INCLUDE_IN_FRAMEWORK_HEADER = YES;
				CLANG_WARN_RANGE_LOOP_ANALYSIS = YES;
				CLANG_WARN_STRICT_PROTOTYPES = YES;
				CLANG_WARN_SUSPICIOUS_MOVE = YES;
				CLANG_WARN_UNGUARDED_AVAILABILITY = YES_AGGRESSIVE;
				CLANG_WARN_UNREACHABLE_CODE = YES;
				CLANG_WARN__DUPLICATE_METHOD_MATCH = YES;
				COPY_PHASE_STRIP = NO;
				DEBUG_INFORMATION_FORMAT = "dwarf-with-dsym";
				ENABLE_NS_ASSERTIONS = NO;
				ENABLE_STRICT_OBJC_MSGSEND = YES;
				ENABLE_USER_SCRIPT_SANDBOXING = YES;
				GCC_C_LANGUAGE_STANDARD = gnu17;
				GCC_NO_COMMON_BLOCKS = YES;
				GCC_WARN_64_TO_32_BIT_CONVERSION = YES;
				GCC_WARN_ABOUT_RETURN_TYPE = YES_ERROR;
				GCC_WARN_UNDECLARED_SELECTOR = YES;
				GCC_WARN_UNINITIALIZED_AUTOS = YES_AGGRESSIVE;
				GCC_WARN_UNUSED_FUNCTION = YES;
				GCC_WARN_UNUSED_VARIABLE = YES;
				IPHONEOS_DEPLOYMENT_TARGET = 17.2;
				LOCALIZATION_PREFERS_STRING_CATALOGS = YES;
				MTL_ENABLE_DEBUG_INFO = NO;
				MTL_FAST_MATH = YES;
				SDKROOT = iphoneos;
				SWIFT_COMPILATION_MODE = wholemodule;
				VALIDATE_PRODUCT = YES;
			};
			name = Release;
		};
		72615F2A2C9AAE2400A2A153 /* Debug */ = {
			isa = XCBuildConfiguration;
			buildSettings = {
				ASSETCATALOG_COMPILER_APPICON_NAME = AppIcon;
				ASSETCATALOG_COMPILER_GLOBAL_ACCENT_COLOR_NAME = AccentColor;
				CODE_SIGN_STYLE = Automatic;
				CURRENT_PROJECT_VERSION = 1;
				DEVELOPMENT_ASSET_PATHS = "\"CarharttWIP/Preview Content\"";
				ENABLE_PREVIEWS = YES;
				GENERATE_INFOPLIST_FILE = YES;
				INFOPLIST_KEY_UIApplicationSceneManifest_Generation = YES;
				INFOPLIST_KEY_UIApplicationSupportsIndirectInputEvents = YES;
				INFOPLIST_KEY_UILaunchScreen_Generation = YES;
				INFOPLIST_KEY_UISupportedInterfaceOrientations_iPad = "UIInterfaceOrientationPortrait UIInterfaceOrientationPortraitUpsideDown UIInterfaceOrientationLandscapeLeft UIInterfaceOrientationLandscapeRight";
				INFOPLIST_KEY_UISupportedInterfaceOrientations_iPhone = "UIInterfaceOrientationPortrait UIInterfaceOrientationLandscapeLeft UIInterfaceOrientationLandscapeRight";
				LD_RUNPATH_SEARCH_PATHS = (
					"$(inherited)",
					"@executable_path/Frameworks",
				);
				MARKETING_VERSION = 1.0;
				PRODUCT_BUNDLE_IDENTIFIER = com.example.CarharttWIP;
				PRODUCT_NAME = "$(TARGET_NAME)";
				SWIFT_EMIT_LOC_STRINGS = YES;
				SWIFT_VERSION = 5.0;
				TARGETED_DEVICE_FAMILY = "1,2";
			};
			name = Debug;
		};
		72615F2B2C9AAE2400A2A153 /* Release */ = {
			isa = XCBuildConfiguration;
			buildSettings = {
				ASSETCATALOG_COMPILER_APPICON_NAME = AppIcon;
				ASSETCATALOG_COMPILER_GLOBAL_ACCENT_COLOR_NAME = AccentColor;
				CODE_SIGN_STYLE = Automatic;
				CURRENT_PROJECT_VERSION = 1;
				DEVELOPMENT_ASSET_PATHS = "\"CarharttWIP/Preview Content\"";
				ENABLE_PREVIEWS = YES;
				GENERATE_INFOPLIST_FILE = YES;
				INFOPLIST_KEY_UIApplicationSceneManifest_Generation = YES;
				INFOPLIST_KEY_UIApplicationSupportsIndirectInputEvents = YES;
				INFOPLIST_KEY_UILaunchScreen_Generation = YES;
				INFOPLIST_KEY_UISupportedInterfaceOrientations_iPad = "UIInterfaceOrientationPortrait UIInterfaceOrientationPortraitUpsideDown UIInterfaceOrientationLandscapeLeft UIInterfaceOrientationLandscapeRight";
				INFOPLIST_KEY_UISupportedInterfaceOrientations_iPhone = "UIInterfaceOrientationPortrait UIInterfaceOrientationLandscapeLeft UIInterfaceOrientationLandscapeRight";
				LD_RUNPATH_SEARCH_PATHS = (
					"$(inherited)",
					"@executable_path/Frameworks",
				);
				MARKETING_VERSION = 1.0;
				PRODUCT_BUNDLE_IDENTIFIER = com.example.CarharttWIP;
				PRODUCT_NAME = "$(TARGET_NAME)";
				SWIFT_EMIT_LOC_STRINGS = YES;
				SWIFT_VERSION = 5.0;
				TARGETED_DEVICE_FAMILY = "1,2";
			};
			name = Release;
		};
		72615F2D2C9AAE2400A2A153 /* Debug */ = {
			isa = XCBuildConfiguration;
			buildSettings = {
				ALWAYS_EMBED_SWIFT_STANDARD_LIBRARIES = YES;
				BUNDLE_LOADER = "$(TEST_HOST)";
				CODE_SIGN_STYLE = Automatic;
				CURRENT_PROJECT_VERSION = 1;
				GENERATE_INFOPLIST_FILE = YES;
				IPHONEOS_DEPLOYMENT_TARGET = 17.2;
				MARKETING_VERSION = 1.0;
				PRODUCT_BUNDLE_IDENTIFIER = com.example.CarharttWIPTests;
				PRODUCT_NAME = "$(TARGET_NAME)";
				SWIFT_EMIT_LOC_STRINGS = NO;
				SWIFT_VERSION = 5.0;
				TARGETED_DEVICE_FAMILY = "1,2";
				TEST_HOST = "$(BUILT_PRODUCTS_DIR)/CarharttWIP.app/$(BUNDLE_EXECUTABLE_FOLDER_PATH)/CarharttWIP";
			};
			name = Debug;
		};
		72615F2E2C9AAE2400A2A153 /* Release */ = {
			isa = XCBuildConfiguration;
			buildSettings = {
				ALWAYS_EMBED_SWIFT_STANDARD_LIBRARIES = YES;
				BUNDLE_LOADER = "$(TEST_HOST)";
				CODE_SIGN_STYLE = Automatic;
				CURRENT_PROJECT_VERSION = 1;
				GENERATE_INFOPLIST_FILE = YES;
				IPHONEOS_DEPLOYMENT_TARGET = 17.2;
				MARKETING_VERSION = 1.0;
				PRODUCT_BUNDLE_IDENTIFIER = com.example.CarharttWIPTests;
				PRODUCT_NAME = "$(TARGET_NAME)";
				SWIFT_EMIT_LOC_STRINGS = NO;
				SWIFT_VERSION = 5.0;
				TARGETED_DEVICE_FAMILY = "1,2";
				TEST_HOST = "$(BUILT_PRODUCTS_DIR)/CarharttWIP.app/$(BUNDLE_EXECUTABLE_FOLDER_PATH)/CarharttWIP";
			};
			name = Release;
		};
		72615F302C9AAE2400A2A153 /* Debug */ = {
			isa = XCBuildConfiguration;
			buildSettings = {
				ALWAYS_EMBED_SWIFT_STANDARD_LIBRARIES = YES;
				CODE_SIGN_STYLE = Automatic;
				CURRENT_PROJECT_VERSION = 1;
				GENERATE_INFOPLIST_FILE = YES;
				MARKETING_VERSION = 1.0;
				PRODUCT_BUNDLE_IDENTIFIER = com.example.CarharttWIPUITests;
				PRODUCT_NAME = "$(TARGET_NAME)";
				SWIFT_EMIT_LOC_STRINGS = NO;
				SWIFT_VERSION = 5.0;
				TARGETED_DEVICE_FAMILY = "1,2";
				TEST_TARGET_NAME = CarharttWIP;
			};
			name = Debug;
		};
		72615F312C9AAE2400A2A153 /* Release */ = {
			isa = XCBuildConfiguration;
			buildSettings = {
				ALWAYS_EMBED_SWIFT_STANDARD_LIBRARIES = YES;
				CODE_SIGN_STYLE = Automatic;
				CURRENT_PROJECT_VERSION = 1;
				GENERATE_INFOPLIST_FILE = YES;
				MARKETING_VERSION = 1.0;
				PRODUCT_BUNDLE_IDENTIFIER = com.example.CarharttWIPUITests;
				PRODUCT_NAME = "$(TARGET_NAME)";
				SWIFT_EMIT_LOC_STRINGS = NO;
				SWIFT_VERSION = 5.0;
				TARGETED_DEVICE_FAMILY = "1,2";
				TEST_TARGET_NAME = CarharttWIP;
			};
			name = Release;
		};
/* End XCBuildConfiguration section */

/* Begin XCConfigurationList section */
		72615F002C9AAE2200A2A153 /* Build configuration list for PBXProject "CarharttWIP" */ = {
			isa = XCConfigurationList;
			buildConfigurations = (
				72615F272C9AAE2400A2A153 /* Debug */,
				72615F282C9AAE2400A2A153 /* Release */,
			);
			defaultConfigurationIsVisible = 0;
			defaultConfigurationName = Release;
		};
		72615F292C9AAE2400A2A153 /* Build configuration list for PBXNativeTarget "CarharttWIP" */ = {
			isa = XCConfigurationList;
			buildConfigurations = (
				72615F2A2C9AAE2400A2A153 /* Debug */,
				72615F2B2C9AAE2400A2A153 /* Release */,
			);
			defaultConfigurationIsVisible = 0;
			defaultConfigurationName = Release;
		};
		72615F2C2C9AAE2400A2A153 /* Build configuration list for PBXNativeTarget "CarharttWIPTests" */ = {
			isa = XCConfigurationList;
			buildConfigurations = (
				72615F2D2C9AAE2400A2A153 /* Debug */,
				72615F2E2C9AAE2400A2A153 /* Release */,
			);
			defaultConfigurationIsVisible = 0;
			defaultConfigurationName = Release;
		};
		72615F2F2C9AAE2400A2A153 /* Build configuration list for PBXNativeTarget "CarharttWIPUITests" */ = {
			isa = XCConfigurationList;
			buildConfigurations = (
				72615F302C9AAE2400A2A153 /* Debug */,
				72615F312C9AAE2400A2A153 /* Release */,
			);
			defaultConfigurationIsVisible = 0;
			defaultConfigurationName = Release;
		};
/* End XCConfigurationList section */
	};
	rootObject = 72615EFD2C9AAE2200A2A153 /* Project object */;
}
